// !$*UTF8*$!
{
	archiveVersion = 1;
	classes = {
	};
	objectVersion = 55;
	objects = {

/* Begin PBXBuildFile section */
		4FB41AD028AA688C008443F8 /* AppDelegate.swift in Sources */ = {isa = PBXBuildFile; fileRef = 4FB41ACF28AA688C008443F8 /* AppDelegate.swift */; };
		4FB41AD228AA688C008443F8 /* ViewController.swift in Sources */ = {isa = PBXBuildFile; fileRef = 4FB41AD128AA688C008443F8 /* ViewController.swift */; };
		4FB41AD428AA688C008443F8 /* Experience.rcproject in Sources */ = {isa = PBXBuildFile; fileRef = 4FB41AD328AA688C008443F8 /* Experience.rcproject */; };
		4FB41AD728AA688C008443F8 /* Main.storyboard in Resources */ = {isa = PBXBuildFile; fileRef = 4FB41AD528AA688C008443F8 /* Main.storyboard */; };
		4FB41AD928AA688E008443F8 /* Assets.xcassets in Resources */ = {isa = PBXBuildFile; fileRef = 4FB41AD828AA688E008443F8 /* Assets.xcassets */; };
		4FB41ADC28AA688E008443F8 /* LaunchScreen.storyboard in Resources */ = {isa = PBXBuildFile; fileRef = 4FB41ADA28AA688E008443F8 /* LaunchScreen.storyboard */; };
		4FB41AE628AA88B6008443F8 /* robo.usdz in Resources */ = {isa = PBXBuildFile; fileRef = 4FB41AE528AA88B6008443F8 /* robo.usdz */; };
		4FB41AE828AA893B008443F8 /* toy_car (1).usdz in Resources */ = {isa = PBXBuildFile; fileRef = 4FB41AE728AA893B008443F8 /* toy_car (1).usdz */; };
		4FB41AEA28AA8969008443F8 /* toy_drummer.usdz in Resources */ = {isa = PBXBuildFile; fileRef = 4FB41AE928AA8969008443F8 /* toy_drummer.usdz */; };
		4FB41AEC28AA8AD3008443F8 /* Tank_animated.usdz in Resources */ = {isa = PBXBuildFile; fileRef = 4FB41AEB28AA8AD3008443F8 /* Tank_animated.usdz */; };
		4FB41AEF28AA8D5A008443F8 /* plane.usdz in Resources */ = {isa = PBXBuildFile; fileRef = 4FB41AEE28AA8D5A008443F8 /* plane.usdz */; };
/* End PBXBuildFile section */

/* Begin PBXFileReference section */
		4FB41ACC28AA688C008443F8 /* VoiceControlledAR.app */ = {isa = PBXFileReference; explicitFileType = wrapper.application; includeInIndex = 0; path = VoiceControlledAR.app; sourceTree = BUILT_PRODUCTS_DIR; };
		4FB41ACF28AA688C008443F8 /* AppDelegate.swift */ = {isa = PBXFileReference; lastKnownFileType = sourcecode.swift; path = AppDelegate.swift; sourceTree = "<group>"; };
		4FB41AD128AA688C008443F8 /* ViewController.swift */ = {isa = PBXFileReference; lastKnownFileType = sourcecode.swift; path = ViewController.swift; sourceTree = "<group>"; };
		4FB41AD328AA688C008443F8 /* Experience.rcproject */ = {isa = PBXFileReference; lastKnownFileType = file.rcproject; path = Experience.rcproject; sourceTree = "<group>"; };
		4FB41AD628AA688C008443F8 /* Base */ = {isa = PBXFileReference; lastKnownFileType = file.storyboard; name = Base; path = Base.lproj/Main.storyboard; sourceTree = "<group>"; };
		4FB41AD828AA688E008443F8 /* Assets.xcassets */ = {isa = PBXFileReference; lastKnownFileType = folder.assetcatalog; path = Assets.xcassets; sourceTree = "<group>"; };
		4FB41ADB28AA688E008443F8 /* Base */ = {isa = PBXFileReference; lastKnownFileType = file.storyboard; name = Base; path = Base.lproj/LaunchScreen.storyboard; sourceTree = "<group>"; };
		4FB41AE228AA6F24008443F8 /* modelNaut.reality */ = {isa = PBXFileReference; lastKnownFileType = file; path = modelNaut.reality; sourceTree = "<group>"; };
		4FB41AE528AA88B6008443F8 /* robo.usdz */ = {isa = PBXFileReference; lastKnownFileType = file.usdz; path = robo.usdz; sourceTree = "<group>"; };
		4FB41AE728AA893B008443F8 /* toy_car (1).usdz */ = {isa = PBXFileReference; lastKnownFileType = file.usdz; path = "toy_car (1).usdz"; sourceTree = "<group>"; };
		4FB41AE928AA8969008443F8 /* toy_drummer.usdz */ = {isa = PBXFileReference; lastKnownFileType = file.usdz; path = toy_drummer.usdz; sourceTree = "<group>"; };
		4FB41AEB28AA8AD3008443F8 /* Tank_animated.usdz */ = {isa = PBXFileReference; lastKnownFileType = file.usdz; path = Tank_animated.usdz; sourceTree = "<group>"; };
		4FB41AED28AA8D31008443F8 /* LunarRover_English.reality */ = {isa = PBXFileReference; lastKnownFileType = file; path = LunarRover_English.reality; sourceTree = "<group>"; };
		4FB41AEE28AA8D5A008443F8 /* plane.usdz */ = {isa = PBXFileReference; lastKnownFileType = file.usdz; path = plane.usdz; sourceTree = "<group>"; };
/* End PBXFileReference section */

/* Begin PBXFrameworksBuildPhase section */
		4FB41AC928AA688C008443F8 /* Frameworks */ = {
			isa = PBXFrameworksBuildPhase;
			buildActionMask = 2147483647;
			files = (
			);
			runOnlyForDeploymentPostprocessing = 0;
		};
/* End PBXFrameworksBuildPhase section */

/* Begin PBXGroup section */
		4FB41AC328AA688C008443F8 = {
			isa = PBXGroup;
			children = (
				4FB41ACE28AA688C008443F8 /* VoiceControlledAR */,
				4FB41ACD28AA688C008443F8 /* Products */,
			);
			sourceTree = "<group>";
		};
		4FB41ACD28AA688C008443F8 /* Products */ = {
			isa = PBXGroup;
			children = (
				4FB41ACC28AA688C008443F8 /* VoiceControlledAR.app */,
			);
			name = Products;
			sourceTree = "<group>";
		};
		4FB41ACE28AA688C008443F8 /* VoiceControlledAR */ = {
			isa = PBXGroup;
			children = (
				4FB41ACF28AA688C008443F8 /* AppDelegate.swift */,
				4FB41AD128AA688C008443F8 /* ViewController.swift */,
				4FB41AD328AA688C008443F8 /* Experience.rcproject */,
				4FB41AD528AA688C008443F8 /* Main.storyboard */,
				4FB41AD828AA688E008443F8 /* Assets.xcassets */,
				4FB41ADA28AA688E008443F8 /* LaunchScreen.storyboard */,
				4FB41AE228AA6F24008443F8 /* modelNaut.reality */,
				4FB41AE528AA88B6008443F8 /* robo.usdz */,
				4FB41AE728AA893B008443F8 /* toy_car (1).usdz */,
				4FB41AE928AA8969008443F8 /* toy_drummer.usdz */,
				4FB41AEB28AA8AD3008443F8 /* Tank_animated.usdz */,
				4FB41AED28AA8D31008443F8 /* LunarRover_English.reality */,
				4FB41AEE28AA8D5A008443F8 /* plane.usdz */,
			);
			path = VoiceControlledAR;
			sourceTree = "<group>";
		};
/* End PBXGroup section */

/* Begin PBXNativeTarget section */
		4FB41ACB28AA688C008443F8 /* VoiceControlledAR */ = {
			isa = PBXNativeTarget;
			buildConfigurationList = 4FB41ADF28AA688E008443F8 /* Build configuration list for PBXNativeTarget "VoiceControlledAR" */;
			buildPhases = (
				4FB41AC828AA688C008443F8 /* Sources */,
				4FB41AC928AA688C008443F8 /* Frameworks */,
				4FB41ACA28AA688C008443F8 /* Resources */,
			);
			buildRules = (
			);
			dependencies = (
			);
			name = VoiceControlledAR;
			productName = VoiceControlledAR;
			productReference = 4FB41ACC28AA688C008443F8 /* VoiceControlledAR.app */;
			productType = "com.apple.product-type.application";
		};
/* End PBXNativeTarget section */

/* Begin PBXProject section */
		4FB41AC428AA688C008443F8 /* Project object */ = {
			isa = PBXProject;
			attributes = {
				BuildIndependentTargetsInParallel = 1;
				LastSwiftUpdateCheck = 1340;
				LastUpgradeCheck = 1340;
				TargetAttributes = {
					4FB41ACB28AA688C008443F8 = {
						CreatedOnToolsVersion = 13.4.1;
					};
				};
			};
			buildConfigurationList = 4FB41AC728AA688C008443F8 /* Build configuration list for PBXProject "VoiceControlledAR" */;
			compatibilityVersion = "Xcode 13.0";
			developmentRegion = en;
			hasScannedForEncodings = 0;
			knownRegions = (
				en,
				Base,
			);
			mainGroup = 4FB41AC328AA688C008443F8;
			productRefGroup = 4FB41ACD28AA688C008443F8 /* Products */;
			projectDirPath = "";
			projectRoot = "";
			targets = (
				4FB41ACB28AA688C008443F8 /* VoiceControlledAR */,
			);
		};
/* End PBXProject section */

/* Begin PBXResourcesBuildPhase section */
		4FB41ACA28AA688C008443F8 /* Resources */ = {
			isa = PBXResourcesBuildPhase;
			buildActionMask = 2147483647;
			files = (
				4FB41AEF28AA8D5A008443F8 /* plane.usdz in Resources */,
				4FB41ADC28AA688E008443F8 /* LaunchScreen.storyboard in Resources */,
				4FB41AD928AA688E008443F8 /* Assets.xcassets in Resources */,
				4FB41AE828AA893B008443F8 /* toy_car (1).usdz in Resources */,
				4FB41AE628AA88B6008443F8 /* robo.usdz in Resources */,
				4FB41AD728AA688C008443F8 /* Main.storyboard in Resources */,
				4FB41AEA28AA8969008443F8 /* toy_drummer.usdz in Resources */,
				4FB41AEC28AA8AD3008443F8 /* Tank_animated.usdz in Resources */,
			);
			runOnlyForDeploymentPostprocessing = 0;
		};
/* End PBXResourcesBuildPhase section */

/* Begin PBXSourcesBuildPhase section */
		4FB41AC828AA688C008443F8 /* Sources */ = {
			isa = PBXSourcesBuildPhase;
			buildActionMask = 2147483647;
			files = (
				4FB41AD228AA688C008443F8 /* ViewController.swift in Sources */,
				4FB41AD028AA688C008443F8 /* AppDelegate.swift in Sources */,
				4FB41AD428AA688C008443F8 /* Experience.rcproject in Sources */,
			);
			runOnlyForDeploymentPostprocessing = 0;
		};
/* End PBXSourcesBuildPhase section */

/* Begin PBXVariantGroup section */
		4FB41AD528AA688C008443F8 /* Main.storyboard */ = {
			isa = PBXVariantGroup;
			children = (
				4FB41AD628AA688C008443F8 /* Base */,
			);
			name = Main.storyboard;
			sourceTree = "<group>";
		};
		4FB41ADA28AA688E008443F8 /* LaunchScreen.storyboard */ = {
			isa = PBXVariantGroup;
			children = (
				4FB41ADB28AA688E008443F8 /* Base */,
			);
			name = LaunchScreen.storyboard;
			sourceTree = "<group>";
		};
/* End PBXVariantGroup section */

/* Begin XCBuildConfiguration section */
		4FB41ADD28AA688E008443F8 /* Debug */ = {
			isa = XCBuildConfiguration;
			buildSettings = {
				ALWAYS_SEARCH_USER_PATHS = NO;
				CLANG_ANALYZER_NONNULL = YES;
				CLANG_ANALYZER_NUMBER_OBJECT_CONVERSION = YES_AGGRESSIVE;
				CLANG_CXX_LANGUAGE_STANDARD = "gnu++17";
				CLANG_ENABLE_MODULES = YES;
				CLANG_ENABLE_OBJC_ARC = YES;
				CLANG_ENABLE_OBJC_WEAK = YES;
				CLANG_WARN_BLOCK_CAPTURE_AUTORELEASING = YES;
				CLANG_WARN_BOOL_CONVERSION = YES;
				CLANG_WARN_COMMA = YES;
				CLANG_WARN_CONSTANT_CONVERSION = YES;
				CLANG_WARN_DEPRECATED_OBJC_IMPLEMENTATIONS = YES;
				CLANG_WARN_DIRECT_OBJC_ISA_USAGE = YES_ERROR;
				CLANG_WARN_DOCUMENTATION_COMMENTS = YES;
				CLANG_WARN_EMPTY_BODY = YES;
				CLANG_WARN_ENUM_CONVERSION = YES;
				CLANG_WARN_INFINITE_RECURSION = YES;
				CLANG_WARN_INT_CONVERSION = YES;
				CLANG_WARN_NON_LITERAL_NULL_CONVERSION = YES;
				CLANG_WARN_OBJC_IMPLICIT_RETAIN_SELF = YES;
				CLANG_WARN_OBJC_LITERAL_CONVERSION = YES;
				CLANG_WARN_OBJC_ROOT_CLASS = YES_ERROR;
				CLANG_WARN_QUOTED_INCLUDE_IN_FRAMEWORK_HEADER = YES;
				CLANG_WARN_RANGE_LOOP_ANALYSIS = YES;
				CLANG_WARN_STRICT_PROTOTYPES = YES;
				CLANG_WARN_SUSPICIOUS_MOVE = YES;
				CLANG_WARN_UNGUARDED_AVAILABILITY = YES_AGGRESSIVE;
				CLANG_WARN_UNREACHABLE_CODE = YES;
				CLANG_WARN__DUPLICATE_METHOD_MATCH = YES;
				COPY_PHASE_STRIP = NO;
				DEBUG_INFORMATION_FORMAT = dwarf;
				ENABLE_STRICT_OBJC_MSGSEND = YES;
				ENABLE_TESTABILITY = YES;
				GCC_C_LANGUAGE_STANDARD = gnu11;
				GCC_DYNAMIC_NO_PIC = NO;
				GCC_NO_COMMON_BLOCKS = YES;
				GCC_OPTIMIZATION_LEVEL = 0;
				GCC_PREPROCESSOR_DEFINITIONS = (
					"DEBUG=1",
					"$(inherited)",
				);
				GCC_WARN_64_TO_32_BIT_CONVERSION = YES;
				GCC_WARN_ABOUT_RETURN_TYPE = YES_ERROR;
				GCC_WARN_UNDECLARED_SELECTOR = YES;
				GCC_WARN_UNINITIALIZED_AUTOS = YES_AGGRESSIVE;
				GCC_WARN_UNUSED_FUNCTION = YES;
				GCC_WARN_UNUSED_VARIABLE = YES;
				IPHONEOS_DEPLOYMENT_TARGET = 15.5;
				MTL_ENABLE_DEBUG_INFO = INCLUDE_SOURCE;
				MTL_FAST_MATH = YES;
				ONLY_ACTIVE_ARCH = YES;
				SDKROOT = iphoneos;
				SWIFT_ACTIVE_COMPILATION_CONDITIONS = DEBUG;
				SWIFT_OPTIMIZATION_LEVEL = "-Onone";
			};
			name = Debug;
		};
		4FB41ADE28AA688E008443F8 /* Release */ = {
			isa = XCBuildConfiguration;
			buildSettings = {
				ALWAYS_SEARCH_USER_PATHS = NO;
				CLANG_ANALYZER_NONNULL = YES;
				CLANG_ANALYZER_NUMBER_OBJECT_CONVERSION = YES_AGGRESSIVE;
				CLANG_CXX_LANGUAGE_STANDARD = "gnu++17";
				CLANG_ENABLE_MODULES = YES;
				CLANG_ENABLE_OBJC_ARC = YES;
				CLANG_ENABLE_OBJC_WEAK = YES;
				CLANG_WARN_BLOCK_CAPTURE_AUTORELEASING = YES;
				CLANG_WARN_BOOL_CONVERSION = YES;
				CLANG_WARN_COMMA = YES;
				CLANG_WARN_CONSTANT_CONVERSION = YES;
				CLANG_WARN_DEPRECATED_OBJC_IMPLEMENTATIONS = YES;
				CLANG_WARN_DIRECT_OBJC_ISA_USAGE = YES_ERROR;
				CLANG_WARN_DOCUMENTATION_COMMENTS = YES;
				CLANG_WARN_EMPTY_BODY = YES;
				CLANG_WARN_ENUM_CONVERSION = YES;
				CLANG_WARN_INFINITE_RECURSION = YES;
				CLANG_WARN_INT_CONVERSION = YES;
				CLANG_WARN_NON_LITERAL_NULL_CONVERSION = YES;
				CLANG_WARN_OBJC_IMPLICIT_RETAIN_SELF = YES;
				CLANG_WARN_OBJC_LITERAL_CONVERSION = YES;
				CLANG_WARN_OBJC_ROOT_CLASS = YES_ERROR;
				CLANG_WARN_QUOTED_INCLUDE_IN_FRAMEWORK_HEADER = YES;
				CLANG_WARN_RANGE_LOOP_ANALYSIS = YES;
				CLANG_WARN_STRICT_PROTOTYPES = YES;
				CLANG_WARN_SUSPICIOUS_MOVE = YES;
				CLANG_WARN_UNGUARDED_AVAILABILITY = YES_AGGRESSIVE;
				CLANG_WARN_UNREACHABLE_CODE = YES;
				CLANG_WARN__DUPLICATE_METHOD_MATCH = YES;
				COPY_PHASE_STRIP = NO;
				DEBUG_INFORMATION_FORMAT = "dwarf-with-dsym";
				ENABLE_NS_ASSERTIONS = NO;
				ENABLE_STRICT_OBJC_MSGSEND = YES;
				GCC_C_LANGUAGE_STANDARD = gnu11;
				GCC_NO_COMMON_BLOCKS = YES;
				GCC_WARN_64_TO_32_BIT_CONVERSION = YES;
				GCC_WARN_ABOUT_RETURN_TYPE = YES_ERROR;
				GCC_WARN_UNDECLARED_SELECTOR = YES;
				GCC_WARN_UNINITIALIZED_AUTOS = YES_AGGRESSIVE;
				GCC_WARN_UNUSED_FUNCTION = YES;
				GCC_WARN_UNUSED_VARIABLE = YES;
				IPHONEOS_DEPLOYMENT_TARGET = 15.5;
				MTL_ENABLE_DEBUG_INFO = NO;
				MTL_FAST_MATH = YES;
				SDKROOT = iphoneos;
				SWIFT_COMPILATION_MODE = wholemodule;
				SWIFT_OPTIMIZATION_LEVEL = "-O";
				VALIDATE_PRODUCT = YES;
			};
			name = Release;
		};
		4FB41AE028AA688E008443F8 /* Debug */ = {
			isa = XCBuildConfiguration;
			buildSettings = {
				ASSETCATALOG_COMPILER_APPICON_NAME = AppIcon;
				ASSETCATALOG_COMPILER_GLOBAL_ACCENT_COLOR_NAME = AccentColor;
				CODE_SIGN_STYLE = Automatic;
				CURRENT_PROJECT_VERSION = 1;
				DEVELOPMENT_TEAM = Y3P3L5L8QS;
				GENERATE_INFOPLIST_FILE = YES;
				INFOPLIST_KEY_NSCameraUsageDescription = "";
				INFOPLIST_KEY_NSMicrophoneUsageDescription = "Need to use mic";
				INFOPLIST_KEY_NSSpeechRecognitionUsageDescription = "Need to use nlp";
				INFOPLIST_KEY_UIApplicationSupportsIndirectInputEvents = YES;
				INFOPLIST_KEY_UILaunchStoryboardName = LaunchScreen;
				INFOPLIST_KEY_UIMainStoryboardFile = Main;
				INFOPLIST_KEY_UIRequiredDeviceCapabilities = arkit;
				INFOPLIST_KEY_UIStatusBarHidden = YES;
				INFOPLIST_KEY_UISupportedInterfaceOrientations_iPad = "UIInterfaceOrientationPortrait UIInterfaceOrientationPortraitUpsideDown UIInterfaceOrientationLandscapeLeft UIInterfaceOrientationLandscapeRight";
				INFOPLIST_KEY_UISupportedInterfaceOrientations_iPhone = "UIInterfaceOrientationPortrait UIInterfaceOrientationLandscapeLeft UIInterfaceOrientationLandscapeRight";
				LD_RUNPATH_SEARCH_PATHS = (
					"$(inherited)",
					"@executable_path/Frameworks",
				);
				MARKETING_VERSION = 1.0;
				PRODUCT_BUNDLE_IDENTIFIER = Souvik.VoiceControlledAR;
				PRODUCT_NAME = "$(TARGET_NAME)";
				SWIFT_EMIT_LOC_STRINGS = YES;
				SWIFT_VERSION = 5.0;
				TARGETED_DEVICE_FAMILY = 1;
			};
			name = Debug;
		};
		4FB41AE128AA688E008443F8 /* Release */ = {
			isa = XCBuildConfiguration;
			buildSettings = {
				ASSETCATALOG_COMPILER_APPICON_NAME = AppIcon;
				ASSETCATALOG_COMPILER_GLOBAL_ACCENT_COLOR_NAME = AccentColor;
				CODE_SIGN_STYLE = Automatic;
				CURRENT_PROJECT_VERSION = 1;
				DEVELOPMENT_TEAM = Y3P3L5L8QS;
				GENERATE_INFOPLIST_FILE = YES;
				INFOPLIST_KEY_NSCameraUsageDescription = "";
				INFOPLIST_KEY_NSMicrophoneUsageDescription = "Need to use mic";
				INFOPLIST_KEY_NSSpeechRecognitionUsageDescription = "Need to use nlp";
				INFOPLIST_KEY_UIApplicationSupportsIndirectInputEvents = YES;
				INFOPLIST_KEY_UILaunchStoryboardName = LaunchScreen;
				INFOPLIST_KEY_UIMainStoryboardFile = Main;
				INFOPLIST_KEY_UIRequiredDeviceCapabilities = arkit;
				INFOPLIST_KEY_UIStatusBarHidden = YES;
				INFOPLIST_KEY_UISupportedInterfaceOrientations_iPad = "UIInterfaceOrientationPortrait UIInterfaceOrientationPortraitUpsideDown UIInterfaceOrientationLandscapeLeft UIInterfaceOrientationLandscapeRight";
				INFOPLIST_KEY_UISupportedInterfaceOrientations_iPhone = "UIInterfaceOrientationPortrait UIInterfaceOrientationLandscapeLeft UIInterfaceOrientationLandscapeRight";
				LD_RUNPATH_SEARCH_PATHS = (
					"$(inherited)",
					"@executable_path/Frameworks",
				);
				MARKETING_VERSION = 1.0;
				PRODUCT_BUNDLE_IDENTIFIER = Souvik.VoiceControlledAR;
				PRODUCT_NAME = "$(TARGET_NAME)";
				SWIFT_EMIT_LOC_STRINGS = YES;
				SWIFT_VERSION = 5.0;
				TARGETED_DEVICE_FAMILY = 1;
			};
			name = Release;
		};
/* End XCBuildConfiguration section */

/* Begin XCConfigurationList section */
		4FB41AC728AA688C008443F8 /* Build configuration list for PBXProject "VoiceControlledAR" */ = {
			isa = XCConfigurationList;
			buildConfigurations = (
				4FB41ADD28AA688E008443F8 /* Debug */,
				4FB41ADE28AA688E008443F8 /* Release */,
			);
			defaultConfigurationIsVisible = 0;
			defaultConfigurationName = Release;
		};
		4FB41ADF28AA688E008443F8 /* Build configuration list for PBXNativeTarget "VoiceControlledAR" */ = {
			isa = XCConfigurationList;
			buildConfigurations = (
				4FB41AE028AA688E008443F8 /* Debug */,
				4FB41AE128AA688E008443F8 /* Release */,
			);
			defaultConfigurationIsVisible = 0;
			defaultConfigurationName = Release;
		};
/* End XCConfigurationList section */
	};
	rootObject = 4FB41AC428AA688C008443F8 /* Project object */;
}
